// !$*UTF8*$!
{
	archiveVersion = 1;
	classes = {
	};
	objectVersion = 56;
	objects = {

/* Begin PBXBuildFile section */
		3815C376290A102F00A01F5E /* Xitomatl Watch App.app in Embed Watch Content */ = {isa = PBXBuildFile; fileRef = 3815C375290A102F00A01F5E /* Xitomatl Watch App.app */; settings = {ATTRIBUTES = (RemoveHeadersOnCopy, ); }; };
		3815C37B290A102F00A01F5E /* XitomatlApp.swift in Sources */ = {isa = PBXBuildFile; fileRef = 3815C37A290A102F00A01F5E /* XitomatlApp.swift */; };
		3815C37D290A102F00A01F5E /* ContentView.swift in Sources */ = {isa = PBXBuildFile; fileRef = 3815C37C290A102F00A01F5E /* ContentView.swift */; };
		3815C37F290A103000A01F5E /* Assets.xcassets in Resources */ = {isa = PBXBuildFile; fileRef = 3815C37E290A103000A01F5E /* Assets.xcassets */; };
		3815C382290A103000A01F5E /* Preview Assets.xcassets in Resources */ = {isa = PBXBuildFile; fileRef = 3815C381290A103000A01F5E /* Preview Assets.xcassets */; };
		3815C38D290A1C5400A01F5E /* TimerView.swift in Sources */ = {isa = PBXBuildFile; fileRef = 3815C38C290A1C5400A01F5E /* TimerView.swift */; };
/* End PBXBuildFile section */

/* Begin PBXContainerItemProxy section */
		3815C377290A102F00A01F5E /* PBXContainerItemProxy */ = {
			isa = PBXContainerItemProxy;
			containerPortal = 3815C369290A102F00A01F5E /* Project object */;
			proxyType = 1;
			remoteGlobalIDString = 3815C374290A102F00A01F5E;
			remoteInfo = "Xitomatl Watch App";
		};
/* End PBXContainerItemProxy section */

/* Begin PBXCopyFilesBuildPhase section */
		3815C388290A103000A01F5E /* Embed Watch Content */ = {
			isa = PBXCopyFilesBuildPhase;
			buildActionMask = 2147483647;
			dstPath = "$(CONTENTS_FOLDER_PATH)/Watch";
			dstSubfolderSpec = 16;
			files = (
				3815C376290A102F00A01F5E /* Xitomatl Watch App.app in Embed Watch Content */,
			);
			name = "Embed Watch Content";
			runOnlyForDeploymentPostprocessing = 0;
		};
/* End PBXCopyFilesBuildPhase section */

/* Begin PBXFileReference section */
		3815C36F290A102F00A01F5E /* Xitomatl.app */ = {isa = PBXFileReference; explicitFileType = wrapper.application; includeInIndex = 0; path = Xitomatl.app; sourceTree = BUILT_PRODUCTS_DIR; };
		3815C375290A102F00A01F5E /* Xitomatl Watch App.app */ = {isa = PBXFileReference; explicitFileType = wrapper.application; includeInIndex = 0; path = "Xitomatl Watch App.app"; sourceTree = BUILT_PRODUCTS_DIR; };
		3815C37A290A102F00A01F5E /* XitomatlApp.swift */ = {isa = PBXFileReference; lastKnownFileType = sourcecode.swift; path = XitomatlApp.swift; sourceTree = "<group>"; };
		3815C37C290A102F00A01F5E /* ContentView.swift */ = {isa = PBXFileReference; lastKnownFileType = sourcecode.swift; path = ContentView.swift; sourceTree = "<group>"; };
		3815C37E290A103000A01F5E /* Assets.xcassets */ = {isa = PBXFileReference; lastKnownFileType = folder.assetcatalog; path = Assets.xcassets; sourceTree = "<group>"; };
		3815C381290A103000A01F5E /* Preview Assets.xcassets */ = {isa = PBXFileReference; lastKnownFileType = folder.assetcatalog; path = "Preview Assets.xcassets"; sourceTree = "<group>"; };
		3815C38C290A1C5400A01F5E /* TimerView.swift */ = {isa = PBXFileReference; lastKnownFileType = sourcecode.swift; path = TimerView.swift; sourceTree = "<group>"; };
/* End PBXFileReference section */

/* Begin PBXFrameworksBuildPhase section */
		3815C372290A102F00A01F5E /* Frameworks */ = {
			isa = PBXFrameworksBuildPhase;
			buildActionMask = 2147483647;
			files = (
			);
			runOnlyForDeploymentPostprocessing = 0;
		};
/* End PBXFrameworksBuildPhase section */

/* Begin PBXGroup section */
		3815C368290A102F00A01F5E = {
			isa = PBXGroup;
			children = (
				3815C379290A102F00A01F5E /* Xitomatl Watch App */,
				3815C370290A102F00A01F5E /* Products */,
			);
			sourceTree = "<group>";
		};
		3815C370290A102F00A01F5E /* Products */ = {
			isa = PBXGroup;
			children = (
				3815C36F290A102F00A01F5E /* Xitomatl.app */,
				3815C375290A102F00A01F5E /* Xitomatl Watch App.app */,
			);
			name = Products;
			sourceTree = "<group>";
		};
		3815C379290A102F00A01F5E /* Xitomatl Watch App */ = {
			isa = PBXGroup;
			children = (
				3815C37A290A102F00A01F5E /* XitomatlApp.swift */,
				3815C37C290A102F00A01F5E /* ContentView.swift */,
				3815C38C290A1C5400A01F5E /* TimerView.swift */,
				3815C37E290A103000A01F5E /* Assets.xcassets */,
				3815C380290A103000A01F5E /* Preview Content */,
			);
			path = "Xitomatl Watch App";
			sourceTree = "<group>";
		};
		3815C380290A103000A01F5E /* Preview Content */ = {
			isa = PBXGroup;
			children = (
				3815C381290A103000A01F5E /* Preview Assets.xcassets */,
			);
			path = "Preview Content";
			sourceTree = "<group>";
		};
/* End PBXGroup section */

/* Begin PBXNativeTarget section */
		3815C36E290A102F00A01F5E /* Xitomatl */ = {
			isa = PBXNativeTarget;
			buildConfigurationList = 3815C389290A103000A01F5E /* Build configuration list for PBXNativeTarget "Xitomatl" */;
			buildPhases = (
				3815C36D290A102F00A01F5E /* Resources */,
				3815C388290A103000A01F5E /* Embed Watch Content */,
			);
			buildRules = (
			);
			dependencies = (
				3815C378290A102F00A01F5E /* PBXTargetDependency */,
			);
			name = Xitomatl;
			productName = Xitomatl;
			productReference = 3815C36F290A102F00A01F5E /* Xitomatl.app */;
			productType = "com.apple.product-type.application.watchapp2-container";
		};
		3815C374290A102F00A01F5E /* Xitomatl Watch App */ = {
			isa = PBXNativeTarget;
			buildConfigurationList = 3815C385290A103000A01F5E /* Build configuration list for PBXNativeTarget "Xitomatl Watch App" */;
			buildPhases = (
				3815C371290A102F00A01F5E /* Sources */,
				3815C372290A102F00A01F5E /* Frameworks */,
				3815C373290A102F00A01F5E /* Resources */,
			);
			buildRules = (
			);
			dependencies = (
			);
			name = "Xitomatl Watch App";
			productName = "Xitomatl Watch App";
			productReference = 3815C375290A102F00A01F5E /* Xitomatl Watch App.app */;
			productType = "com.apple.product-type.application";
		};
/* End PBXNativeTarget section */

/* Begin PBXProject section */
		3815C369290A102F00A01F5E /* Project object */ = {
			isa = PBXProject;
			attributes = {
				BuildIndependentTargetsInParallel = 1;
				LastSwiftUpdateCheck = 1400;
				LastUpgradeCheck = 1400;
				TargetAttributes = {
					3815C36E290A102F00A01F5E = {
						CreatedOnToolsVersion = 14.0.1;
					};
					3815C374290A102F00A01F5E = {
						CreatedOnToolsVersion = 14.0.1;
					};
				};
			};
			buildConfigurationList = 3815C36C290A102F00A01F5E /* Build configuration list for PBXProject "Xitomatl" */;
			compatibilityVersion = "Xcode 14.0";
			developmentRegion = en;
			hasScannedForEncodings = 0;
			knownRegions = (
				en,
				Base,
			);
			mainGroup = 3815C368290A102F00A01F5E;
			productRefGroup = 3815C370290A102F00A01F5E /* Products */;
			projectDirPath = "";
			projectRoot = "";
			targets = (
				3815C36E290A102F00A01F5E /* Xitomatl */,
				3815C374290A102F00A01F5E /* Xitomatl Watch App */,
			);
		};
/* End PBXProject section */

/* Begin PBXResourcesBuildPhase section */
		3815C36D290A102F00A01F5E /* Resources */ = {
			isa = PBXResourcesBuildPhase;
			buildActionMask = 2147483647;
			files = (
			);
			runOnlyForDeploymentPostprocessing = 0;
		};
		3815C373290A102F00A01F5E /* Resources */ = {
			isa = PBXResourcesBuildPhase;
			buildActionMask = 2147483647;
			files = (
				3815C382290A103000A01F5E /* Preview Assets.xcassets in Resources */,
				3815C37F290A103000A01F5E /* Assets.xcassets in Resources */,
			);
			runOnlyForDeploymentPostprocessing = 0;
		};
/* End PBXResourcesBuildPhase section */

/* Begin PBXSourcesBuildPhase section */
		3815C371290A102F00A01F5E /* Sources */ = {
			isa = PBXSourcesBuildPhase;
			buildActionMask = 2147483647;
			files = (
				3815C38D290A1C5400A01F5E /* TimerView.swift in Sources */,
				3815C37D290A102F00A01F5E /* ContentView.swift in Sources */,
				3815C37B290A102F00A01F5E /* XitomatlApp.swift in Sources */,
			);
			runOnlyForDeploymentPostprocessing = 0;
		};
/* End PBXSourcesBuildPhase section */

/* Begin PBXTargetDependency section */
		3815C378290A102F00A01F5E /* PBXTargetDependency */ = {
			isa = PBXTargetDependency;
			target = 3815C374290A102F00A01F5E /* Xitomatl Watch App */;
			targetProxy = 3815C377290A102F00A01F5E /* PBXContainerItemProxy */;
		};
/* End PBXTargetDependency section */

/* Begin XCBuildConfiguration section */
		3815C383290A103000A01F5E /* Debug */ = {
			isa = XCBuildConfiguration;
			buildSettings = {
				ALWAYS_SEARCH_USER_PATHS = NO;
				CLANG_ANALYZER_NONNULL = YES;
				CLANG_ANALYZER_NUMBER_OBJECT_CONVERSION = YES_AGGRESSIVE;
				CLANG_CXX_LANGUAGE_STANDARD = "gnu++20";
				CLANG_ENABLE_MODULES = YES;
				CLANG_ENABLE_OBJC_ARC = YES;
				CLANG_ENABLE_OBJC_WEAK = YES;
				CLANG_WARN_BLOCK_CAPTURE_AUTORELEASING = YES;
				CLANG_WARN_BOOL_CONVERSION = YES;
				CLANG_WARN_COMMA = YES;
				CLANG_WARN_CONSTANT_CONVERSION = YES;
				CLANG_WARN_DEPRECATED_OBJC_IMPLEMENTATIONS = YES;
				CLANG_WARN_DIRECT_OBJC_ISA_USAGE = YES_ERROR;
				CLANG_WARN_DOCUMENTATION_COMMENTS = YES;
				CLANG_WARN_EMPTY_BODY = YES;
				CLANG_WARN_ENUM_CONVERSION = YES;
				CLANG_WARN_INFINITE_RECURSION = YES;
				CLANG_WARN_INT_CONVERSION = YES;
				CLANG_WARN_NON_LITERAL_NULL_CONVERSION = YES;
				CLANG_WARN_OBJC_IMPLICIT_RETAIN_SELF = YES;
				CLANG_WARN_OBJC_LITERAL_CONVERSION = YES;
				CLANG_WARN_OBJC_ROOT_CLASS = YES_ERROR;
				CLANG_WARN_QUOTED_INCLUDE_IN_FRAMEWORK_HEADER = YES;
				CLANG_WARN_RANGE_LOOP_ANALYSIS = YES;
				CLANG_WARN_STRICT_PROTOTYPES = YES;
				CLANG_WARN_SUSPICIOUS_MOVE = YES;
				CLANG_WARN_UNGUARDED_AVAILABILITY = YES_AGGRESSIVE;
				CLANG_WARN_UNREACHABLE_CODE = YES;
				CLANG_WARN__DUPLICATE_METHOD_MATCH = YES;
				COPY_PHASE_STRIP = NO;
				DEBUG_INFORMATION_FORMAT = dwarf;
				ENABLE_STRICT_OBJC_MSGSEND = YES;
				ENABLE_TESTABILITY = YES;
				GCC_C_LANGUAGE_STANDARD = gnu11;
				GCC_DYNAMIC_NO_PIC = NO;
				GCC_NO_COMMON_BLOCKS = YES;
				GCC_OPTIMIZATION_LEVEL = 0;
				GCC_PREPROCESSOR_DEFINITIONS = (
					"DEBUG=1",
					"$(inherited)",
				);
				GCC_WARN_64_TO_32_BIT_CONVERSION = YES;
				GCC_WARN_ABOUT_RETURN_TYPE = YES_ERROR;
				GCC_WARN_UNDECLARED_SELECTOR = YES;
				GCC_WARN_UNINITIALIZED_AUTOS = YES_AGGRESSIVE;
				GCC_WARN_UNUSED_FUNCTION = YES;
				GCC_WARN_UNUSED_VARIABLE = YES;
				MTL_ENABLE_DEBUG_INFO = INCLUDE_SOURCE;
				MTL_FAST_MATH = YES;
				ONLY_ACTIVE_ARCH = YES;
				SWIFT_ACTIVE_COMPILATION_CONDITIONS = DEBUG;
				SWIFT_OPTIMIZATION_LEVEL = "-Onone";
			};
			name = Debug;
		};
		3815C384290A103000A01F5E /* Release */ = {
			isa = XCBuildConfiguration;
			buildSettings = {
				ALWAYS_SEARCH_USER_PATHS = NO;
				CLANG_ANALYZER_NONNULL = YES;
				CLANG_ANALYZER_NUMBER_OBJECT_CONVERSION = YES_AGGRESSIVE;
				CLANG_CXX_LANGUAGE_STANDARD = "gnu++20";
				CLANG_ENABLE_MODULES = YES;
				CLANG_ENABLE_OBJC_ARC = YES;
				CLANG_ENABLE_OBJC_WEAK = YES;
				CLANG_WARN_BLOCK_CAPTURE_AUTORELEASING = YES;
				CLANG_WARN_BOOL_CONVERSION = YES;
				CLANG_WARN_COMMA = YES;
				CLANG_WARN_CONSTANT_CONVERSION = YES;
				CLANG_WARN_DEPRECATED_OBJC_IMPLEMENTATIONS = YES;
				CLANG_WARN_DIRECT_OBJC_ISA_USAGE = YES_ERROR;
				CLANG_WARN_DOCUMENTATION_COMMENTS = YES;
				CLANG_WARN_EMPTY_BODY = YES;
				CLANG_WARN_ENUM_CONVERSION = YES;
				CLANG_WARN_INFINITE_RECURSION = YES;
				CLANG_WARN_INT_CONVERSION = YES;
				CLANG_WARN_NON_LITERAL_NULL_CONVERSION = YES;
				CLANG_WARN_OBJC_IMPLICIT_RETAIN_SELF = YES;
				CLANG_WARN_OBJC_LITERAL_CONVERSION = YES;
				CLANG_WARN_OBJC_ROOT_CLASS = YES_ERROR;
				CLANG_WARN_QUOTED_INCLUDE_IN_FRAMEWORK_HEADER = YES;
				CLANG_WARN_RANGE_LOOP_ANALYSIS = YES;
				CLANG_WARN_STRICT_PROTOTYPES = YES;
				CLANG_WARN_SUSPICIOUS_MOVE = YES;
				CLANG_WARN_UNGUARDED_AVAILABILITY = YES_AGGRESSIVE;
				CLANG_WARN_UNREACHABLE_CODE = YES;
				CLANG_WARN__DUPLICATE_METHOD_MATCH = YES;
				COPY_PHASE_STRIP = NO;
				DEBUG_INFORMATION_FORMAT = "dwarf-with-dsym";
				ENABLE_NS_ASSERTIONS = NO;
				ENABLE_STRICT_OBJC_MSGSEND = YES;
				GCC_C_LANGUAGE_STANDARD = gnu11;
				GCC_NO_COMMON_BLOCKS = YES;
				GCC_WARN_64_TO_32_BIT_CONVERSION = YES;
				GCC_WARN_ABOUT_RETURN_TYPE = YES_ERROR;
				GCC_WARN_UNDECLARED_SELECTOR = YES;
				GCC_WARN_UNINITIALIZED_AUTOS = YES_AGGRESSIVE;
				GCC_WARN_UNUSED_FUNCTION = YES;
				GCC_WARN_UNUSED_VARIABLE = YES;
				MTL_ENABLE_DEBUG_INFO = NO;
				MTL_FAST_MATH = YES;
				SWIFT_COMPILATION_MODE = wholemodule;
				SWIFT_OPTIMIZATION_LEVEL = "-O";
			};
			name = Release;
		};
		3815C386290A103000A01F5E /* Debug */ = {
			isa = XCBuildConfiguration;
			buildSettings = {
				ASSETCATALOG_COMPILER_APPICON_NAME = AppIcon;
				ASSETCATALOG_COMPILER_GLOBAL_ACCENT_COLOR_NAME = AccentColor;
				CODE_SIGN_STYLE = Automatic;
				CURRENT_PROJECT_VERSION = 1;
				DEVELOPMENT_ASSET_PATHS = "\"Xitomatl Watch App/Preview Content\"";
				DEVELOPMENT_TEAM = W97YZCYHUU;
				ENABLE_PREVIEWS = YES;
				GENERATE_INFOPLIST_FILE = YES;
				INFOPLIST_KEY_CFBundleDisplayName = Xitomatl;
				INFOPLIST_KEY_UISupportedInterfaceOrientations = "UIInterfaceOrientationPortrait UIInterfaceOrientationPortraitUpsideDown";
				INFOPLIST_KEY_WKWatchOnly = YES;
				LD_RUNPATH_SEARCH_PATHS = (
					"$(inherited)",
					"@executable_path/Frameworks",
				);
				MARKETING_VERSION = 1.0;
				PRODUCT_BUNDLE_IDENTIFIER = com.varodonaire.Xitomatl.watchkitapp;
				PRODUCT_NAME = "$(TARGET_NAME)";
				SDKROOT = watchos;
				SKIP_INSTALL = YES;
				SWIFT_EMIT_LOC_STRINGS = YES;
				SWIFT_VERSION = 5.0;
				TARGETED_DEVICE_FAMILY = 4;
				WATCHOS_DEPLOYMENT_TARGET = 9.0;
			};
			name = Debug;
		};
		3815C387290A103000A01F5E /* Release */ = {
			isa = XCBuildConfiguration;
			buildSettings = {
				ASSETCATALOG_COMPILER_APPICON_NAME = AppIcon;
				ASSETCATALOG_COMPILER_GLOBAL_ACCENT_COLOR_NAME = AccentColor;
				CODE_SIGN_STYLE = Automatic;
				CURRENT_PROJECT_VERSION = 1;
				DEVELOPMENT_ASSET_PATHS = "\"Xitomatl Watch App/Preview Content\"";
				DEVELOPMENT_TEAM = W97YZCYHUU;
				ENABLE_PREVIEWS = YES;
				GENERATE_INFOPLIST_FILE = YES;
				INFOPLIST_KEY_CFBundleDisplayName = Xitomatl;
				INFOPLIST_KEY_UISupportedInterfaceOrientations = "UIInterfaceOrientationPortrait UIInterfaceOrientationPortraitUpsideDown";
				INFOPLIST_KEY_WKWatchOnly = YES;
				LD_RUNPATH_SEARCH_PATHS = (
					"$(inherited)",
					"@executable_path/Frameworks",
				);
				MARKETING_VERSION = 1.0;
				PRODUCT_BUNDLE_IDENTIFIER = com.varodonaire.Xitomatl.watchkitapp;
				PRODUCT_NAME = "$(TARGET_NAME)";
				SDKROOT = watchos;
				SKIP_INSTALL = YES;
				SWIFT_EMIT_LOC_STRINGS = YES;
				SWIFT_VERSION = 5.0;
				TARGETED_DEVICE_FAMILY = 4;
				VALIDATE_PRODUCT = YES;
				WATCHOS_DEPLOYMENT_TARGET = 9.0;
			};
			name = Release;
		};
		3815C38A290A103000A01F5E /* Debug */ = {
			isa = XCBuildConfiguration;
			buildSettings = {
				ALWAYS_EMBED_SWIFT_STANDARD_LIBRARIES = YES;
				CODE_SIGN_STYLE = Automatic;
				CURRENT_PROJECT_VERSION = 1;
				DEVELOPMENT_TEAM = W97YZCYHUU;
				INFOPLIST_KEY_CFBundleDisplayName = Xitomatl;
				MARKETING_VERSION = 1.0;
				PRODUCT_BUNDLE_IDENTIFIER = com.varodonaire.Xitomatl;
				PRODUCT_NAME = "$(TARGET_NAME)";
				SDKROOT = iphoneos;
				SWIFT_VERSION = 5.0;
			};
			name = Debug;
		};
		3815C38B290A103000A01F5E /* Release */ = {
			isa = XCBuildConfiguration;
			buildSettings = {
				ALWAYS_EMBED_SWIFT_STANDARD_LIBRARIES = YES;
				CODE_SIGN_STYLE = Automatic;
				CURRENT_PROJECT_VERSION = 1;
				DEVELOPMENT_TEAM = W97YZCYHUU;
				INFOPLIST_KEY_CFBundleDisplayName = Xitomatl;
				MARKETING_VERSION = 1.0;
				PRODUCT_BUNDLE_IDENTIFIER = com.varodonaire.Xitomatl;
				PRODUCT_NAME = "$(TARGET_NAME)";
				SDKROOT = iphoneos;
				SWIFT_VERSION = 5.0;
				VALIDATE_PRODUCT = YES;
			};
			name = Release;
		};
/* End XCBuildConfiguration section */

/* Begin XCConfigurationList section */
		3815C36C290A102F00A01F5E /* Build configuration list for PBXProject "Xitomatl" */ = {
			isa = XCConfigurationList;
			buildConfigurations = (
				3815C383290A103000A01F5E /* Debug */,
				3815C384290A103000A01F5E /* Release */,
			);
			defaultConfigurationIsVisible = 0;
			defaultConfigurationName = Release;
		};
		3815C385290A103000A01F5E /* Build configuration list for PBXNativeTarget "Xitomatl Watch App" */ = {
			isa = XCConfigurationList;
			buildConfigurations = (
				3815C386290A103000A01F5E /* Debug */,
				3815C387290A103000A01F5E /* Release */,
			);
			defaultConfigurationIsVisible = 0;
			defaultConfigurationName = Release;
		};
		3815C389290A103000A01F5E /* Build configuration list for PBXNativeTarget "Xitomatl" */ = {
			isa = XCConfigurationList;
			buildConfigurations = (
				3815C38A290A103000A01F5E /* Debug */,
				3815C38B290A103000A01F5E /* Release */,
			);
			defaultConfigurationIsVisible = 0;
			defaultConfigurationName = Release;
		};
/* End XCConfigurationList section */
	};
	rootObject = 3815C369290A102F00A01F5E /* Project object */;
}
